
Microsoft Visual Studio Solution File, Format Version 12.00
# Visual Studio Version 16
VisualStudioVersion = 16.0.30711.63
MinimumVisualStudioVersion = 10.0.40219.1
Project("{9A19103F-16F7-4668-BE54-9A1E7A4F7556}") = "MarsRover", "MarsRover.csproj", "{34262F9D-30A7-429E-B3FD-D7A706116820}"
EndProject
Global
	GlobalSection(SolutionConfigurationPlatforms) = preSolution
		Debug|Any CPU = Debug|Any CPU
		Release|Any CPU = Release|Any CPU
	EndGlobalSection
	GlobalSection(ProjectConfigurationPlatforms) = postSolution
		{34262F9D-30A7-429E-B3FD-D7A706116820}.Debug|Any CPU.ActiveCfg = Debug|Any CPU
		{34262F9D-30A7-429E-B3FD-D7A706116820}.Debug|Any CPU.Build.0 = Debug|Any CPU
		{34262F9D-30A7-429E-B3FD-D7A706116820}.Release|Any CPU.ActiveCfg = Release|Any CPU
		{34262F9D-30A7-429E-B3FD-D7A706116820}.Release|Any CPU.Build.0 = Release|Any CPU
	EndGlobalSection
	GlobalSection(SolutionProperties) = preSolution
		HideSolutionNode = FALSE
	EndGlobalSection
	GlobalSection(ExtensibilityGlobals) = postSolution
		SolutionGuid = {14C6A5D0-D0CD-4141-97F6-88AF5AD8727E}
	EndGlobalSection
EndGlobal
